
Microsoft Visual Studio Solution File, Format Version 12.00
# Visual Studio 15
VisualStudioVersion = 15.0.27004.2005
MinimumVisualStudioVersion = 10.0.40219.1
Project("{9A19103F-16F7-4668-BE54-9A1E7A4F7556}") = "Marta.Cooking", "Marta.Cooking\Marta.Cooking.csproj", "{1783938D-1331-4826-8554-A88205D8F107}"
EndProject
Global
	GlobalSection(SolutionConfigurationPlatforms) = preSolution
		Debug|Any CPU = Debug|Any CPU
		Release|Any CPU = Release|Any CPU
	EndGlobalSection
	GlobalSection(ProjectConfigurationPlatforms) = postSolution
		{1783938D-1331-4826-8554-A88205D8F107}.Debug|Any CPU.ActiveCfg = Debug|Any CPU
		{1783938D-1331-4826-8554-A88205D8F107}.Debug|Any CPU.Build.0 = Debug|Any CPU
		{1783938D-1331-4826-8554-A88205D8F107}.Release|Any CPU.ActiveCfg = Release|Any CPU
		{1783938D-1331-4826-8554-A88205D8F107}.Release|Any CPU.Build.0 = Release|Any CPU
	EndGlobalSection
	GlobalSection(SolutionProperties) = preSolution
		HideSolutionNode = FALSE
	EndGlobalSection
	GlobalSection(ExtensibilityGlobals) = postSolution
		SolutionGuid = {EDA00CEE-5842-41A9-8929-C4746EC6D8ED}
	EndGlobalSection
EndGlobal
